
Microsoft Visual Studio Solution File, Format Version 12.00
# Visual Studio Version 17
VisualStudioVersion = 17.6.33815.320
MinimumVisualStudioVersion = 10.0.40219.1
Project("{FAE04EC0-301F-11D3-BF4B-00C04F79EFBC}") = "SistemaInvetarioV6", "SistemaInvetarioV6\SistemaInvetarioV6.csproj", "{88E2C6F0-4CBF-44FC-8674-04606C8D0111}"
EndProject
Global
	GlobalSection(SolutionConfigurationPlatforms) = preSolution
		Debug|Any CPU = Debug|Any CPU
		Release|Any CPU = Release|Any CPU
	EndGlobalSection
	GlobalSection(ProjectConfigurationPlatforms) = postSolution
		{88E2C6F0-4CBF-44FC-8674-04606C8D0111}.Debug|Any CPU.ActiveCfg = Debug|Any CPU
		{88E2C6F0-4CBF-44FC-8674-04606C8D0111}.Debug|Any CPU.Build.0 = Debug|Any CPU
		{88E2C6F0-4CBF-44FC-8674-04606C8D0111}.Release|Any CPU.ActiveCfg = Release|Any CPU
		{88E2C6F0-4CBF-44FC-8674-04606C8D0111}.Release|Any CPU.Build.0 = Release|Any CPU
	EndGlobalSection
	GlobalSection(SolutionProperties) = preSolution
		HideSolutionNode = FALSE
	EndGlobalSection
	GlobalSection(ExtensibilityGlobals) = postSolution
		SolutionGuid = {8FF7EF11-38E0-4973-951A-423D9004B922}
	EndGlobalSection
EndGlobal
